
Microsoft Visual Studio Solution File, Format Version 12.00
# Visual Studio for Mac
Project("{FAE04EC0-301F-11D3-BF4B-00C04F79EFBC}") = "LDJam45", "LDJam45.csproj", "{91189E75-8679-038F-A3A8-E4866CCDC270}"
EndProject
Global
	GlobalSection(SolutionConfigurationPlatforms) = preSolution
		Debug|Any CPU = Debug|Any CPU
		Release|Any CPU = Release|Any CPU
	EndGlobalSection
	GlobalSection(ProjectConfigurationPlatforms) = postSolution
		{91189E75-8679-038F-A3A8-E4866CCDC270}.Debug|Any CPU.ActiveCfg = Debug|Any CPU
		{91189E75-8679-038F-A3A8-E4866CCDC270}.Debug|Any CPU.Build.0 = Debug|Any CPU
		{91189E75-8679-038F-A3A8-E4866CCDC270}.Release|Any CPU.ActiveCfg = Release|Any CPU
		{91189E75-8679-038F-A3A8-E4866CCDC270}.Release|Any CPU.Build.0 = Release|Any CPU
	EndGlobalSection
	GlobalSection(SolutionProperties) = preSolution
		HideSolutionNode = FALSE
	EndGlobalSection
	GlobalSection(MonoDevelopProperties) = preSolution
		StartupItem = Assembly-CSharp.csproj
	EndGlobalSection
EndGlobal
